Microsoft Visual Studio Solution File, Format Version 12.00
# Visual Studio Version 17
VisualStudioVersion = 17.5.2.0
MinimumVisualStudioVersion = 10.0.40219.1
Project("{FAE04EC0-301F-11D3-BF4B-00C04F79EFBC}") = "trekdle", "trekdle.csproj", "{A862AC5E-3BF4-F1BC-9C20-EE493C35E4A4}"
EndProject
Global
	GlobalSection(SolutionConfigurationPlatforms) = preSolution
		Debug|Any CPU = Debug|Any CPU
		Release|Any CPU = Release|Any CPU
	EndGlobalSection
	GlobalSection(ProjectConfigurationPlatforms) = postSolution
		{A862AC5E-3BF4-F1BC-9C20-EE493C35E4A4}.Debug|Any CPU.ActiveCfg = Debug|Any CPU
		{A862AC5E-3BF4-F1BC-9C20-EE493C35E4A4}.Debug|Any CPU.Build.0 = Debug|Any CPU
		{A862AC5E-3BF4-F1BC-9C20-EE493C35E4A4}.Release|Any CPU.ActiveCfg = Release|Any CPU
		{A862AC5E-3BF4-F1BC-9C20-EE493C35E4A4}.Release|Any CPU.Build.0 = Release|Any CPU
	EndGlobalSection
	GlobalSection(SolutionProperties) = preSolution
		HideSolutionNode = FALSE
	EndGlobalSection
	GlobalSection(ExtensibilityGlobals) = postSolution
		SolutionGuid = {5BD998E6-CC35-4BCD-AFE7-CB37C08E08F2}
	EndGlobalSection
EndGlobal
